# THIS IS AN AUTOGENERATED FILE. DO NOT EDIT THIS FILE DIRECTLY.
# yarn lockfile v1


"@types/node@>=8.1.0":
  version "14.0.14"
  resolved "https://registry.yarnpkg.com/@types/node/-/node-14.0.14.tgz#24a0b5959f16ac141aeb0c5b3cd7a15b7c64cbce"
  integrity sha512-syUgf67ZQpaJj01/tRTknkMNoBBLWJOBODF0Zm4NrXmiSuxjymFrxnTu1QVYRubhVkRcZLYZG8STTwJRdVm/WQ==

qs@^6.6.0:
  version "6.9.4"
  resolved "https://registry.yarnpkg.com/qs/-/qs-6.9.4.tgz#9090b290d1f91728d3c22e54843ca44aea5ab687"
  integrity sha512-A1kFqHekCTM7cz0udomYUoYNWjBebHm/5wzU/XqrBRBNWectVH0QIiN+NEcZ0Dte5hvzHwbr8+XQmguPhJ6WdQ==

stripe@^8.68.0:
  version "8.68.0"
  resolved "https://registry.yarnpkg.com/stripe/-/stripe-8.68.0.tgz#936d449fe35dec382d44faf22f9bbf92992dbd44"
  integrity sha512-NjVf4dA5ACCbE3susJH7KpT+4EbE1nBSwTjMhi9rT+xhrm9xEtx21lufoYWLkezuPN4O3LIPv4eXJQGaa6SrdQ==
  dependencies:
    "@types/node" ">=8.1.0"
    qs "^6.6.0"
